
Microsoft Visual Studio Solution File, Format Version 12.00
# Visual Studio 2013
VisualStudioVersion = 12.0.31101.0
MinimumVisualStudioVersion = 10.0.40219.1
Project("{FAE04EC0-301F-11D3-BF4B-00C04F79EFBC}") = "WechatPayPlatform", "WechatPayPlatform\WechatPayPlatform.csproj", "{B6FE19AC-7AB0-4627-9AB5-372566844BCB}"
EndProject
Project("{FAE04EC0-301F-11D3-BF4B-00C04F79EFBC}") = "MachineService", "MachineService\MachineService.csproj", "{B7A267FB-8E82-420E-B522-4BB7946B74FA}"
EndProject
Project("{FAE04EC0-301F-11D3-BF4B-00C04F79EFBC}") = "TestMachineClient", "TestMachineClient\TestMachineClient.csproj", "{0BFA1BFE-47E7-467C-ABC6-9F6484EF00FE}"
EndProject
Global
	GlobalSection(SolutionConfigurationPlatforms) = preSolution
		Debug|Any CPU = Debug|Any CPU
		Release|Any CPU = Release|Any CPU
	EndGlobalSection
	GlobalSection(ProjectConfigurationPlatforms) = postSolution
		{B6FE19AC-7AB0-4627-9AB5-372566844BCB}.Debug|Any CPU.ActiveCfg = Debug|Any CPU
		{B6FE19AC-7AB0-4627-9AB5-372566844BCB}.Debug|Any CPU.Build.0 = Debug|Any CPU
		{B6FE19AC-7AB0-4627-9AB5-372566844BCB}.Release|Any CPU.ActiveCfg = Release|Any CPU
		{B6FE19AC-7AB0-4627-9AB5-372566844BCB}.Release|Any CPU.Build.0 = Release|Any CPU
		{B7A267FB-8E82-420E-B522-4BB7946B74FA}.Debug|Any CPU.ActiveCfg = Debug|Any CPU
		{B7A267FB-8E82-420E-B522-4BB7946B74FA}.Debug|Any CPU.Build.0 = Debug|Any CPU
		{B7A267FB-8E82-420E-B522-4BB7946B74FA}.Release|Any CPU.ActiveCfg = Release|Any CPU
		{B7A267FB-8E82-420E-B522-4BB7946B74FA}.Release|Any CPU.Build.0 = Release|Any CPU
		{0BFA1BFE-47E7-467C-ABC6-9F6484EF00FE}.Debug|Any CPU.ActiveCfg = Debug|Any CPU
		{0BFA1BFE-47E7-467C-ABC6-9F6484EF00FE}.Debug|Any CPU.Build.0 = Debug|Any CPU
		{0BFA1BFE-47E7-467C-ABC6-9F6484EF00FE}.Release|Any CPU.ActiveCfg = Release|Any CPU
		{0BFA1BFE-47E7-467C-ABC6-9F6484EF00FE}.Release|Any CPU.Build.0 = Release|Any CPU
	EndGlobalSection
	GlobalSection(SolutionProperties) = preSolution
		HideSolutionNode = FALSE
	EndGlobalSection
EndGlobal
